// !$*UTF8*$!
{
	archiveVersion = 1;
	classes = {
	};
	objectVersion = 48;
	objects = {

/* Begin PBXBuildFile section */
		2C554DF51FD5BB6900AE22D7 /* AppDelegate.swift in Sources */ = {isa = PBXBuildFile; fileRef = 2C554DF41FD5BB6900AE22D7 /* AppDelegate.swift */; };
		2C554DF71FD5BB6900AE22D7 /* ViewController.swift in Sources */ = {isa = PBXBuildFile; fileRef = 2C554DF61FD5BB6900AE22D7 /* ViewController.swift */; };
		2C554DFA1FD5BB6900AE22D7 /* Main.storyboard in Resources */ = {isa = PBXBuildFile; fileRef = 2C554DF81FD5BB6900AE22D7 /* Main.storyboard */; };
		2C554DFC1FD5BB6900AE22D7 /* Assets.xcassets in Resources */ = {isa = PBXBuildFile; fileRef = 2C554DFB1FD5BB6900AE22D7 /* Assets.xcassets */; };
		2C554DFF1FD5BB6900AE22D7 /* LaunchScreen.storyboard in Resources */ = {isa = PBXBuildFile; fileRef = 2C554DFD1FD5BB6900AE22D7 /* LaunchScreen.storyboard */; };
		2C554E0A1FD5BB6900AE22D7 /* iOSQuizTests.swift in Sources */ = {isa = PBXBuildFile; fileRef = 2C554E091FD5BB6900AE22D7 /* iOSQuizTests.swift */; };
		2C554E151FD5BB6900AE22D7 /* iOSQuizUITests.swift in Sources */ = {isa = PBXBuildFile; fileRef = 2C554E141FD5BB6900AE22D7 /* iOSQuizUITests.swift */; };
/* End PBXBuildFile section */

/* Begin PBXContainerItemProxy section */
		2C554E061FD5BB6900AE22D7 /* PBXContainerItemProxy */ = {
			isa = PBXContainerItemProxy;
			containerPortal = 2C554DE91FD5BB6900AE22D7 /* Project object */;
			proxyType = 1;
			remoteGlobalIDString = 2C554DF01FD5BB6900AE22D7;
			remoteInfo = iOSQuiz;
		};
		2C554E111FD5BB6900AE22D7 /* PBXContainerItemProxy */ = {
			isa = PBXContainerItemProxy;
			containerPortal = 2C554DE91FD5BB6900AE22D7 /* Project object */;
			proxyType = 1;
			remoteGlobalIDString = 2C554DF01FD5BB6900AE22D7;
			remoteInfo = iOSQuiz;
		};
/* End PBXContainerItemProxy section */

/* Begin PBXFileReference section */
		2C554DF11FD5BB6900AE22D7 /* iOSQuiz.app */ = {isa = PBXFileReference; explicitFileType = wrapper.application; includeInIndex = 0; path = iOSQuiz.app; sourceTree = BUILT_PRODUCTS_DIR; };
		2C554DF41FD5BB6900AE22D7 /* AppDelegate.swift */ = {isa = PBXFileReference; lastKnownFileType = sourcecode.swift; path = AppDelegate.swift; sourceTree = "<group>"; };
		2C554DF61FD5BB6900AE22D7 /* ViewController.swift */ = {isa = PBXFileReference; lastKnownFileType = sourcecode.swift; path = ViewController.swift; sourceTree = "<group>"; };
		2C554DF91FD5BB6900AE22D7 /* Base */ = {isa = PBXFileReference; lastKnownFileType = file.storyboard; name = Base; path = Base.lproj/Main.storyboard; sourceTree = "<group>"; };
		2C554DFB1FD5BB6900AE22D7 /* Assets.xcassets */ = {isa = PBXFileReference; lastKnownFileType = folder.assetcatalog; path = Assets.xcassets; sourceTree = "<group>"; };
		2C554DFE1FD5BB6900AE22D7 /* Base */ = {isa = PBXFileReference; lastKnownFileType = file.storyboard; name = Base; path = Base.lproj/LaunchScreen.storyboard; sourceTree = "<group>"; };
		2C554E001FD5BB6900AE22D7 /* Info.plist */ = {isa = PBXFileReference; lastKnownFileType = text.plist.xml; path = Info.plist; sourceTree = "<group>"; };
		2C554E051FD5BB6900AE22D7 /* iOSQuizTests.xctest */ = {isa = PBXFileReference; explicitFileType = wrapper.cfbundle; includeInIndex = 0; path = iOSQuizTests.xctest; sourceTree = BUILT_PRODUCTS_DIR; };
		2C554E091FD5BB6900AE22D7 /* iOSQuizTests.swift */ = {isa = PBXFileReference; lastKnownFileType = sourcecode.swift; path = iOSQuizTests.swift; sourceTree = "<group>"; };
		2C554E0B1FD5BB6900AE22D7 /* Info.plist */ = {isa = PBXFileReference; lastKnownFileType = text.plist.xml; path = Info.plist; sourceTree = "<group>"; };
		2C554E101FD5BB6900AE22D7 /* iOSQuizUITests.xctest */ = {isa = PBXFileReference; explicitFileType = wrapper.cfbundle; includeInIndex = 0; path = iOSQuizUITests.xctest; sourceTree = BUILT_PRODUCTS_DIR; };
		2C554E141FD5BB6900AE22D7 /* iOSQuizUITests.swift */ = {isa = PBXFileReference; lastKnownFileType = sourcecode.swift; path = iOSQuizUITests.swift; sourceTree = "<group>"; };
		2C554E161FD5BB6900AE22D7 /* Info.plist */ = {isa = PBXFileReference; lastKnownFileType = text.plist.xml; path = Info.plist; sourceTree = "<group>"; };
/* End PBXFileReference section */

/* Begin PBXFrameworksBuildPhase section */
		2C554DEE1FD5BB6900AE22D7 /* Frameworks */ = {
			isa = PBXFrameworksBuildPhase;
			buildActionMask = 2147483647;
			files = (
			);
			runOnlyForDeploymentPostprocessing = 0;
		};
		2C554E021FD5BB6900AE22D7 /* Frameworks */ = {
			isa = PBXFrameworksBuildPhase;
			buildActionMask = 2147483647;
			files = (
			);
			runOnlyForDeploymentPostprocessing = 0;
		};
		2C554E0D1FD5BB6900AE22D7 /* Frameworks */ = {
			isa = PBXFrameworksBuildPhase;
			buildActionMask = 2147483647;
			files = (
			);
			runOnlyForDeploymentPostprocessing = 0;
		};
/* End PBXFrameworksBuildPhase section */

/* Begin PBXGroup section */
		2C554DE81FD5BB6900AE22D7 = {
			isa = PBXGroup;
			children = (
				2C554DF31FD5BB6900AE22D7 /* iOSQuiz */,
				2C554E081FD5BB6900AE22D7 /* iOSQuizTests */,
				2C554E131FD5BB6900AE22D7 /* iOSQuizUITests */,
				2C554DF21FD5BB6900AE22D7 /* Products */,
			);
			sourceTree = "<group>";
		};
		2C554DF21FD5BB6900AE22D7 /* Products */ = {
			isa = PBXGroup;
			children = (
				2C554DF11FD5BB6900AE22D7 /* iOSQuiz.app */,
				2C554E051FD5BB6900AE22D7 /* iOSQuizTests.xctest */,
				2C554E101FD5BB6900AE22D7 /* iOSQuizUITests.xctest */,
			);
			name = Products;
			sourceTree = "<group>";
		};
		2C554DF31FD5BB6900AE22D7 /* iOSQuiz */ = {
			isa = PBXGroup;
			children = (
				2C554DF41FD5BB6900AE22D7 /* AppDelegate.swift */,
				2C554DF61FD5BB6900AE22D7 /* ViewController.swift */,
				2C554DF81FD5BB6900AE22D7 /* Main.storyboard */,
				2C554DFB1FD5BB6900AE22D7 /* Assets.xcassets */,
				2C554DFD1FD5BB6900AE22D7 /* LaunchScreen.storyboard */,
				2C554E001FD5BB6900AE22D7 /* Info.plist */,
			);
			path = iOSQuiz;
			sourceTree = "<group>";
		};
		2C554E081FD5BB6900AE22D7 /* iOSQuizTests */ = {
			isa = PBXGroup;
			children = (
				2C554E091FD5BB6900AE22D7 /* iOSQuizTests.swift */,
				2C554E0B1FD5BB6900AE22D7 /* Info.plist */,
			);
			path = iOSQuizTests;
			sourceTree = "<group>";
		};
		2C554E131FD5BB6900AE22D7 /* iOSQuizUITests */ = {
			isa = PBXGroup;
			children = (
				2C554E141FD5BB6900AE22D7 /* iOSQuizUITests.swift */,
				2C554E161FD5BB6900AE22D7 /* Info.plist */,
			);
			path = iOSQuizUITests;
			sourceTree = "<group>";
		};
/* End PBXGroup section */

/* Begin PBXNativeTarget section */
		2C554DF01FD5BB6900AE22D7 /* iOSQuiz */ = {
			isa = PBXNativeTarget;
			buildConfigurationList = 2C554E191FD5BB6900AE22D7 /* Build configuration list for PBXNativeTarget "iOSQuiz" */;
			buildPhases = (
				2C554DED1FD5BB6900AE22D7 /* Sources */,
				2C554DEE1FD5BB6900AE22D7 /* Frameworks */,
				2C554DEF1FD5BB6900AE22D7 /* Resources */,
			);
			buildRules = (
			);
			dependencies = (
			);
			name = iOSQuiz;
			productName = iOSQuiz;
			productReference = 2C554DF11FD5BB6900AE22D7 /* iOSQuiz.app */;
			productType = "com.apple.product-type.application";
		};
		2C554E041FD5BB6900AE22D7 /* iOSQuizTests */ = {
			isa = PBXNativeTarget;
			buildConfigurationList = 2C554E1C1FD5BB6900AE22D7 /* Build configuration list for PBXNativeTarget "iOSQuizTests" */;
			buildPhases = (
				2C554E011FD5BB6900AE22D7 /* Sources */,
				2C554E021FD5BB6900AE22D7 /* Frameworks */,
				2C554E031FD5BB6900AE22D7 /* Resources */,
			);
			buildRules = (
			);
			dependencies = (
				2C554E071FD5BB6900AE22D7 /* PBXTargetDependency */,
			);
			name = iOSQuizTests;
			productName = iOSQuizTests;
			productReference = 2C554E051FD5BB6900AE22D7 /* iOSQuizTests.xctest */;
			productType = "com.apple.product-type.bundle.unit-test";
		};
		2C554E0F1FD5BB6900AE22D7 /* iOSQuizUITests */ = {
			isa = PBXNativeTarget;
			buildConfigurationList = 2C554E1F1FD5BB6900AE22D7 /* Build configuration list for PBXNativeTarget "iOSQuizUITests" */;
			buildPhases = (
				2C554E0C1FD5BB6900AE22D7 /* Sources */,
				2C554E0D1FD5BB6900AE22D7 /* Frameworks */,
				2C554E0E1FD5BB6900AE22D7 /* Resources */,
			);
			buildRules = (
			);
			dependencies = (
				2C554E121FD5BB6900AE22D7 /* PBXTargetDependency */,
			);
			name = iOSQuizUITests;
			productName = iOSQuizUITests;
			productReference = 2C554E101FD5BB6900AE22D7 /* iOSQuizUITests.xctest */;
			productType = "com.apple.product-type.bundle.ui-testing";
		};
/* End PBXNativeTarget section */

/* Begin PBXProject section */
		2C554DE91FD5BB6900AE22D7 /* Project object */ = {
			isa = PBXProject;
			attributes = {
				LastSwiftUpdateCheck = 0900;
				LastUpgradeCheck = 0900;
				ORGANIZATIONNAME = "Isaac Suntag";
				TargetAttributes = {
					2C554DF01FD5BB6900AE22D7 = {
						CreatedOnToolsVersion = 9.0;
						ProvisioningStyle = Automatic;
					};
					2C554E041FD5BB6900AE22D7 = {
						CreatedOnToolsVersion = 9.0;
						ProvisioningStyle = Automatic;
						TestTargetID = 2C554DF01FD5BB6900AE22D7;
					};
					2C554E0F1FD5BB6900AE22D7 = {
						CreatedOnToolsVersion = 9.0;
						ProvisioningStyle = Automatic;
						TestTargetID = 2C554DF01FD5BB6900AE22D7;
					};
				};
			};
			buildConfigurationList = 2C554DEC1FD5BB6900AE22D7 /* Build configuration list for PBXProject "iOSQuiz" */;
			compatibilityVersion = "Xcode 8.0";
			developmentRegion = en;
			hasScannedForEncodings = 0;
			knownRegions = (
				en,
				Base,
			);
			mainGroup = 2C554DE81FD5BB6900AE22D7;
			productRefGroup = 2C554DF21FD5BB6900AE22D7 /* Products */;
			projectDirPath = "";
			projectRoot = "";
			targets = (
				2C554DF01FD5BB6900AE22D7 /* iOSQuiz */,
				2C554E041FD5BB6900AE22D7 /* iOSQuizTests */,
				2C554E0F1FD5BB6900AE22D7 /* iOSQuizUITests */,
			);
		};
/* End PBXProject section */

/* Begin PBXResourcesBuildPhase section */
		2C554DEF1FD5BB6900AE22D7 /* Resources */ = {
			isa = PBXResourcesBuildPhase;
			buildActionMask = 2147483647;
			files = (
				2C554DFF1FD5BB6900AE22D7 /* LaunchScreen.storyboard in Resources */,
				2C554DFC1FD5BB6900AE22D7 /* Assets.xcassets in Resources */,
				2C554DFA1FD5BB6900AE22D7 /* Main.storyboard in Resources */,
			);
			runOnlyForDeploymentPostprocessing = 0;
		};
		2C554E031FD5BB6900AE22D7 /* Resources */ = {
			isa = PBXResourcesBuildPhase;
			buildActionMask = 2147483647;
			files = (
			);
			runOnlyForDeploymentPostprocessing = 0;
		};
		2C554E0E1FD5BB6900AE22D7 /* Resources */ = {
			isa = PBXResourcesBuildPhase;
			buildActionMask = 2147483647;
			files = (
			);
			runOnlyForDeploymentPostprocessing = 0;
		};
/* End PBXResourcesBuildPhase section */

/* Begin PBXSourcesBuildPhase section */
		2C554DED1FD5BB6900AE22D7 /* Sources */ = {
			isa = PBXSourcesBuildPhase;
			buildActionMask = 2147483647;
			files = (
				2C554DF71FD5BB6900AE22D7 /* ViewController.swift in Sources */,
				2C554DF51FD5BB6900AE22D7 /* AppDelegate.swift in Sources */,
			);
			runOnlyForDeploymentPostprocessing = 0;
		};
		2C554E011FD5BB6900AE22D7 /* Sources */ = {
			isa = PBXSourcesBuildPhase;
			buildActionMask = 2147483647;
			files = (
				2C554E0A1FD5BB6900AE22D7 /* iOSQuizTests.swift in Sources */,
			);
			runOnlyForDeploymentPostprocessing = 0;
		};
		2C554E0C1FD5BB6900AE22D7 /* Sources */ = {
			isa = PBXSourcesBuildPhase;
			buildActionMask = 2147483647;
			files = (
				2C554E151FD5BB6900AE22D7 /* iOSQuizUITests.swift in Sources */,
			);
			runOnlyForDeploymentPostprocessing = 0;
		};
/* End PBXSourcesBuildPhase section */

/* Begin PBXTargetDependency section */
		2C554E071FD5BB6900AE22D7 /* PBXTargetDependency */ = {
			isa = PBXTargetDependency;
			target = 2C554DF01FD5BB6900AE22D7 /* iOSQuiz */;
			targetProxy = 2C554E061FD5BB6900AE22D7 /* PBXContainerItemProxy */;
		};
		2C554E121FD5BB6900AE22D7 /* PBXTargetDependency */ = {
			isa = PBXTargetDependency;
			target = 2C554DF01FD5BB6900AE22D7 /* iOSQuiz */;
			targetProxy = 2C554E111FD5BB6900AE22D7 /* PBXContainerItemProxy */;
		};
/* End PBXTargetDependency section */

/* Begin PBXVariantGroup section */
		2C554DF81FD5BB6900AE22D7 /* Main.storyboard */ = {
			isa = PBXVariantGroup;
			children = (
				2C554DF91FD5BB6900AE22D7 /* Base */,
			);
			name = Main.storyboard;
			sourceTree = "<group>";
		};
		2C554DFD1FD5BB6900AE22D7 /* LaunchScreen.storyboard */ = {
			isa = PBXVariantGroup;
			children = (
				2C554DFE1FD5BB6900AE22D7 /* Base */,
			);
			name = LaunchScreen.storyboard;
			sourceTree = "<group>";
		};
/* End PBXVariantGroup section */

/* Begin XCBuildConfiguration section */
		2C554E171FD5BB6900AE22D7 /* Debug */ = {
			isa = XCBuildConfiguration;
			buildSettings = {
				ALWAYS_SEARCH_USER_PATHS = NO;
				CLANG_ANALYZER_NONNULL = YES;
				CLANG_ANALYZER_NUMBER_OBJECT_CONVERSION = YES_AGGRESSIVE;
				CLANG_CXX_LANGUAGE_STANDARD = "gnu++14";
				CLANG_CXX_LIBRARY = "libc++";
				CLANG_ENABLE_MODULES = YES;
				CLANG_ENABLE_OBJC_ARC = YES;
				CLANG_WARN_BLOCK_CAPTURE_AUTORELEASING = YES;
				CLANG_WARN_BOOL_CONVERSION = YES;
				CLANG_WARN_COMMA = YES;
				CLANG_WARN_CONSTANT_CONVERSION = YES;
				CLANG_WARN_DIRECT_OBJC_ISA_USAGE = YES_ERROR;
				CLANG_WARN_DOCUMENTATION_COMMENTS = YES;
				CLANG_WARN_EMPTY_BODY = YES;
				CLANG_WARN_ENUM_CONVERSION = YES;
				CLANG_WARN_INFINITE_RECURSION = YES;
				CLANG_WARN_INT_CONVERSION = YES;
				CLANG_WARN_NON_LITERAL_NULL_CONVERSION = YES;
				CLANG_WARN_OBJC_LITERAL_CONVERSION = YES;
				CLANG_WARN_OBJC_ROOT_CLASS = YES_ERROR;
				CLANG_WARN_RANGE_LOOP_ANALYSIS = YES;
				CLANG_WARN_STRICT_PROTOTYPES = YES;
				CLANG_WARN_SUSPICIOUS_MOVE = YES;
				CLANG_WARN_UNGUARDED_AVAILABILITY = YES_AGGRESSIVE;
				CLANG_WARN_UNREACHABLE_CODE = YES;
				CLANG_WARN__DUPLICATE_METHOD_MATCH = YES;
				CODE_SIGN_IDENTITY = "iPhone Developer";
				COPY_PHASE_STRIP = NO;
				DEBUG_INFORMATION_FORMAT = dwarf;
				ENABLE_STRICT_OBJC_MSGSEND = YES;
				ENABLE_TESTABILITY = YES;
				GCC_C_LANGUAGE_STANDARD = gnu11;
				GCC_DYNAMIC_NO_PIC = NO;
				GCC_NO_COMMON_BLOCKS = YES;
				GCC_OPTIMIZATION_LEVEL = 0;
				GCC_PREPROCESSOR_DEFINITIONS = (
					"DEBUG=1",
					"$(inherited)",
				);
				GCC_WARN_64_TO_32_BIT_CONVERSION = YES;
				GCC_WARN_ABOUT_RETURN_TYPE = YES_ERROR;
				GCC_WARN_UNDECLARED_SELECTOR = YES;
				GCC_WARN_UNINITIALIZED_AUTOS = YES_AGGRESSIVE;
				GCC_WARN_UNUSED_FUNCTION = YES;
				GCC_WARN_UNUSED_VARIABLE = YES;
				IPHONEOS_DEPLOYMENT_TARGET = 11.0;
				MTL_ENABLE_DEBUG_INFO = YES;
				ONLY_ACTIVE_ARCH = YES;
				SDKROOT = iphoneos;
				SWIFT_ACTIVE_COMPILATION_CONDITIONS = DEBUG;
				SWIFT_OPTIMIZATION_LEVEL = "-Onone";
			};
			name = Debug;
		};
		2C554E181FD5BB6900AE22D7 /* Release */ = {
			isa = XCBuildConfiguration;
			buildSettings = {
				ALWAYS_SEARCH_USER_PATHS = NO;
				CLANG_ANALYZER_NONNULL = YES;
				CLANG_ANALYZER_NUMBER_OBJECT_CONVERSION = YES_AGGRESSIVE;
				CLANG_CXX_LANGUAGE_STANDARD = "gnu++14";
				CLANG_CXX_LIBRARY = "libc++";
				CLANG_ENABLE_MODULES = YES;
				CLANG_ENABLE_OBJC_ARC = YES;
				CLANG_WARN_BLOCK_CAPTURE_AUTORELEASING = YES;
				CLANG_WARN_BOOL_CONVERSION = YES;
				CLANG_WARN_COMMA = YES;
				CLANG_WARN_CONSTANT_CONVERSION = YES;
				CLANG_WARN_DIRECT_OBJC_ISA_USAGE = YES_ERROR;
				CLANG_WARN_DOCUMENTATION_COMMENTS = YES;
				CLANG_WARN_EMPTY_BODY = YES;
				CLANG_WARN_ENUM_CONVERSION = YES;
				CLANG_WARN_INFINITE_RECURSION = YES;
				CLANG_WARN_INT_CONVERSION = YES;
				CLANG_WARN_NON_LITERAL_NULL_CONVERSION = YES;
				CLANG_WARN_OBJC_LITERAL_CONVERSION = YES;
				CLANG_WARN_OBJC_ROOT_CLASS = YES_ERROR;
				CLANG_WARN_RANGE_LOOP_ANALYSIS = YES;
				CLANG_WARN_STRICT_PROTOTYPES = YES;
				CLANG_WARN_SUSPICIOUS_MOVE = YES;
				CLANG_WARN_UNGUARDED_AVAILABILITY = YES_AGGRESSIVE;
				CLANG_WARN_UNREACHABLE_CODE = YES;
				CLANG_WARN__DUPLICATE_METHOD_MATCH = YES;
				CODE_SIGN_IDENTITY = "iPhone Developer";
				COPY_PHASE_STRIP = NO;
				DEBUG_INFORMATION_FORMAT = "dwarf-with-dsym";
				ENABLE_NS_ASSERTIONS = NO;
				ENABLE_STRICT_OBJC_MSGSEND = YES;
				GCC_C_LANGUAGE_STANDARD = gnu11;
				GCC_NO_COMMON_BLOCKS = YES;
				GCC_WARN_64_TO_32_BIT_CONVERSION = YES;
				GCC_WARN_ABOUT_RETURN_TYPE = YES_ERROR;
				GCC_WARN_UNDECLARED_SELECTOR = YES;
				GCC_WARN_UNINITIALIZED_AUTOS = YES_AGGRESSIVE;
				GCC_WARN_UNUSED_FUNCTION = YES;
				GCC_WARN_UNUSED_VARIABLE = YES;
				IPHONEOS_DEPLOYMENT_TARGET = 11.0;
				MTL_ENABLE_DEBUG_INFO = NO;
				SDKROOT = iphoneos;
				SWIFT_OPTIMIZATION_LEVEL = "-Owholemodule";
				VALIDATE_PRODUCT = YES;
			};
			name = Release;
		};
		2C554E1A1FD5BB6900AE22D7 /* Debug */ = {
			isa = XCBuildConfiguration;
			buildSettings = {
				ASSETCATALOG_COMPILER_APPICON_NAME = AppIcon;
				CODE_SIGN_STYLE = Automatic;
				DEVELOPMENT_TEAM = 6LMKRM5PEY;
				INFOPLIST_FILE = iOSQuiz/Info.plist;
				LD_RUNPATH_SEARCH_PATHS = "$(inherited) @executable_path/Frameworks";
				PRODUCT_BUNDLE_IDENTIFIER = isaacsuntag.iOSQuiz;
				PRODUCT_NAME = "$(TARGET_NAME)";
				SWIFT_VERSION = 4.0;
				TARGETED_DEVICE_FAMILY = "1,2";
			};
			name = Debug;
		};
		2C554E1B1FD5BB6900AE22D7 /* Release */ = {
			isa = XCBuildConfiguration;
			buildSettings = {
				ASSETCATALOG_COMPILER_APPICON_NAME = AppIcon;
				CODE_SIGN_STYLE = Automatic;
				DEVELOPMENT_TEAM = 6LMKRM5PEY;
				INFOPLIST_FILE = iOSQuiz/Info.plist;
				LD_RUNPATH_SEARCH_PATHS = "$(inherited) @executable_path/Frameworks";
				PRODUCT_BUNDLE_IDENTIFIER = isaacsuntag.iOSQuiz;
				PRODUCT_NAME = "$(TARGET_NAME)";
				SWIFT_VERSION = 4.0;
				TARGETED_DEVICE_FAMILY = "1,2";
			};
			name = Release;
		};
		2C554E1D1FD5BB6900AE22D7 /* Debug */ = {
			isa = XCBuildConfiguration;
			buildSettings = {
				ALWAYS_EMBED_SWIFT_STANDARD_LIBRARIES = YES;
				BUNDLE_LOADER = "$(TEST_HOST)";
				CODE_SIGN_STYLE = Automatic;
				DEVELOPMENT_TEAM = 6LMKRM5PEY;
				INFOPLIST_FILE = iOSQuizTests/Info.plist;
				LD_RUNPATH_SEARCH_PATHS = "$(inherited) @executable_path/Frameworks @loader_path/Frameworks";
				PRODUCT_BUNDLE_IDENTIFIER = isaacsuntag.iOSQuizTests;
				PRODUCT_NAME = "$(TARGET_NAME)";
				SWIFT_VERSION = 4.0;
				TARGETED_DEVICE_FAMILY = "1,2";
				TEST_HOST = "$(BUILT_PRODUCTS_DIR)/iOSQuiz.app/iOSQuiz";
			};
			name = Debug;
		};
		2C554E1E1FD5BB6900AE22D7 /* Release */ = {
			isa = XCBuildConfiguration;
			buildSettings = {
				ALWAYS_EMBED_SWIFT_STANDARD_LIBRARIES = YES;
				BUNDLE_LOADER = "$(TEST_HOST)";
				CODE_SIGN_STYLE = Automatic;
				DEVELOPMENT_TEAM = 6LMKRM5PEY;
				INFOPLIST_FILE = iOSQuizTests/Info.plist;
				LD_RUNPATH_SEARCH_PATHS = "$(inherited) @executable_path/Frameworks @loader_path/Frameworks";
				PRODUCT_BUNDLE_IDENTIFIER = isaacsuntag.iOSQuizTests;
				PRODUCT_NAME = "$(TARGET_NAME)";
				SWIFT_VERSION = 4.0;
				TARGETED_DEVICE_FAMILY = "1,2";
				TEST_HOST = "$(BUILT_PRODUCTS_DIR)/iOSQuiz.app/iOSQuiz";
			};
			name = Release;
		};
		2C554E201FD5BB6900AE22D7 /* Debug */ = {
			isa = XCBuildConfiguration;
			buildSettings = {
				ALWAYS_EMBED_SWIFT_STANDARD_LIBRARIES = YES;
				CODE_SIGN_STYLE = Automatic;
				DEVELOPMENT_TEAM = 6LMKRM5PEY;
				INFOPLIST_FILE = iOSQuizUITests/Info.plist;
				LD_RUNPATH_SEARCH_PATHS = "$(inherited) @executable_path/Frameworks @loader_path/Frameworks";
				PRODUCT_BUNDLE_IDENTIFIER = isaacsuntag.iOSQuizUITests;
				PRODUCT_NAME = "$(TARGET_NAME)";
				SWIFT_VERSION = 4.0;
				TARGETED_DEVICE_FAMILY = "1,2";
				TEST_TARGET_NAME = iOSQuiz;
			};
			name = Debug;
		};
		2C554E211FD5BB6900AE22D7 /* Release */ = {
			isa = XCBuildConfiguration;
			buildSettings = {
				ALWAYS_EMBED_SWIFT_STANDARD_LIBRARIES = YES;
				CODE_SIGN_STYLE = Automatic;
				DEVELOPMENT_TEAM = 6LMKRM5PEY;
				INFOPLIST_FILE = iOSQuizUITests/Info.plist;
				LD_RUNPATH_SEARCH_PATHS = "$(inherited) @executable_path/Frameworks @loader_path/Frameworks";
				PRODUCT_BUNDLE_IDENTIFIER = isaacsuntag.iOSQuizUITests;
				PRODUCT_NAME = "$(TARGET_NAME)";
				SWIFT_VERSION = 4.0;
				TARGETED_DEVICE_FAMILY = "1,2";
				TEST_TARGET_NAME = iOSQuiz;
			};
			name = Release;
		};
/* End XCBuildConfiguration section */

/* Begin XCConfigurationList section */
		2C554DEC1FD5BB6900AE22D7 /* Build configuration list for PBXProject "iOSQuiz" */ = {
			isa = XCConfigurationList;
			buildConfigurations = (
				2C554E171FD5BB6900AE22D7 /* Debug */,
				2C554E181FD5BB6900AE22D7 /* Release */,
			);
			defaultConfigurationIsVisible = 0;
			defaultConfigurationName = Release;
		};
		2C554E191FD5BB6900AE22D7 /* Build configuration list for PBXNativeTarget "iOSQuiz" */ = {
			isa = XCConfigurationList;
			buildConfigurations = (
				2C554E1A1FD5BB6900AE22D7 /* Debug */,
				2C554E1B1FD5BB6900AE22D7 /* Release */,
			);
			defaultConfigurationIsVisible = 0;
			defaultConfigurationName = Release;
		};
		2C554E1C1FD5BB6900AE22D7 /* Build configuration list for PBXNativeTarget "iOSQuizTests" */ = {
			isa = XCConfigurationList;
			buildConfigurations = (
				2C554E1D1FD5BB6900AE22D7 /* Debug */,
				2C554E1E1FD5BB6900AE22D7 /* Release */,
			);
			defaultConfigurationIsVisible = 0;
			defaultConfigurationName = Release;
		};
		2C554E1F1FD5BB6900AE22D7 /* Build configuration list for PBXNativeTarget "iOSQuizUITests" */ = {
			isa = XCConfigurationList;
			buildConfigurations = (
				2C554E201FD5BB6900AE22D7 /* Debug */,
				2C554E211FD5BB6900AE22D7 /* Release */,
			);
			defaultConfigurationIsVisible = 0;
			defaultConfigurationName = Release;
		};
/* End XCConfigurationList section */
	};
	rootObject = 2C554DE91FD5BB6900AE22D7 /* Project object */;
}
